
Microsoft Visual Studio Solution File, Format Version 12.00
# Visual Studio 14
VisualStudioVersion = 14.0.25123.0
MinimumVisualStudioVersion = 10.0.40219.1
Project("{FAE04EC0-301F-11D3-BF4B-00C04F79EFBC}") = "LibrarianOfLol.Droid", "LibrarianOfLol\LibrarianOfLol.Droid\LibrarianOfLol.Droid.csproj", "{E2A4BA5A-8E93-4EA8-908E-63B4CA775D4D}"
EndProject
Project("{FAE04EC0-301F-11D3-BF4B-00C04F79EFBC}") = "LibrarianOfLol.iOS", "LibrarianOfLol\LibrarianOfLol.iOS\LibrarianOfLol.iOS.csproj", "{C3FF17E0-1272-4FA2-9C80-57C1FD567A9E}"
EndProject
Project("{FAE04EC0-301F-11D3-BF4B-00C04F79EFBC}") = "LibrarianOfLol.WinPhone", "LibrarianOfLol\LibrarianOfLol.WinPhone\LibrarianOfLol.WinPhone.csproj", "{1A2CBA8C-6FDC-41FB-8E07-AA9E70CDD086}"
EndProject
Project("{FAE04EC0-301F-11D3-BF4B-00C04F79EFBC}") = "LibrarianOfLol.UWP", "LibrarianOfLol\LibrarianOfLol.UWP\LibrarianOfLol.UWP.csproj", "{293C0AF4-94F4-47F1-BD5F-A1E2E32B9852}"
EndProject
Project("{FAE04EC0-301F-11D3-BF4B-00C04F79EFBC}") = "LibrarianOfLol.Windows", "LibrarianOfLol\LibrarianOfLol.Windows\LibrarianOfLol.Windows.csproj", "{C0E6CB06-4CB1-4325-988D-B8D771CD2014}"
EndProject
Project("{FAE04EC0-301F-11D3-BF4B-00C04F79EFBC}") = "LibrarianOfLol", "LibrarianOfLol\LibrarianOfLol\LibrarianOfLol.csproj", "{D2C60DCE-A5CB-4969-9B27-B7BD3D1F0F97}"
EndProject
Global
	GlobalSection(SolutionConfigurationPlatforms) = preSolution
		Ad-Hoc|Any CPU = Ad-Hoc|Any CPU
		Ad-Hoc|ARM = Ad-Hoc|ARM
		Ad-Hoc|iPhone = Ad-Hoc|iPhone
		Ad-Hoc|iPhoneSimulator = Ad-Hoc|iPhoneSimulator
		Ad-Hoc|x64 = Ad-Hoc|x64
		Ad-Hoc|x86 = Ad-Hoc|x86
		AppStore|Any CPU = AppStore|Any CPU
		AppStore|ARM = AppStore|ARM
		AppStore|iPhone = AppStore|iPhone
		AppStore|iPhoneSimulator = AppStore|iPhoneSimulator
		AppStore|x64 = AppStore|x64
		AppStore|x86 = AppStore|x86
		Debug|Any CPU = Debug|Any CPU
		Debug|ARM = Debug|ARM
		Debug|iPhone = Debug|iPhone
		Debug|iPhoneSimulator = Debug|iPhoneSimulator
		Debug|x64 = Debug|x64
		Debug|x86 = Debug|x86
		Release|Any CPU = Release|Any CPU
		Release|ARM = Release|ARM
		Release|iPhone = Release|iPhone
		Release|iPhoneSimulator = Release|iPhoneSimulator
		Release|x64 = Release|x64
		Release|x86 = Release|x86
	EndGlobalSection
	GlobalSection(ProjectConfigurationPlatforms) = postSolution
		{E2A4BA5A-8E93-4EA8-908E-63B4CA775D4D}.Ad-Hoc|Any CPU.ActiveCfg = Release|Any CPU
		{E2A4BA5A-8E93-4EA8-908E-63B4CA775D4D}.Ad-Hoc|Any CPU.Build.0 = Release|Any CPU
		{E2A4BA5A-8E93-4EA8-908E-63B4CA775D4D}.Ad-Hoc|Any CPU.Deploy.0 = Release|Any CPU
		{E2A4BA5A-8E93-4EA8-908E-63B4CA775D4D}.Ad-Hoc|ARM.ActiveCfg = Release|Any CPU
		{E2A4BA5A-8E93-4EA8-908E-63B4CA775D4D}.Ad-Hoc|ARM.Build.0 = Release|Any CPU
		{E2A4BA5A-8E93-4EA8-908E-63B4CA775D4D}.Ad-Hoc|ARM.Deploy.0 = Release|Any CPU
		{E2A4BA5A-8E93-4EA8-908E-63B4CA775D4D}.Ad-Hoc|iPhone.ActiveCfg = Release|Any CPU
		{E2A4BA5A-8E93-4EA8-908E-63B4CA775D4D}.Ad-Hoc|iPhone.Build.0 = Release|Any CPU
		{E2A4BA5A-8E93-4EA8-908E-63B4CA775D4D}.Ad-Hoc|iPhone.Deploy.0 = Release|Any CPU
		{E2A4BA5A-8E93-4EA8-908E-63B4CA775D4D}.Ad-Hoc|iPhoneSimulator.ActiveCfg = Release|Any CPU
		{E2A4BA5A-8E93-4EA8-908E-63B4CA775D4D}.Ad-Hoc|iPhoneSimulator.Build.0 = Release|Any CPU
		{E2A4BA5A-8E93-4EA8-908E-63B4CA775D4D}.Ad-Hoc|iPhoneSimulator.Deploy.0 = Release|Any CPU
		{E2A4BA5A-8E93-4EA8-908E-63B4CA775D4D}.Ad-Hoc|x64.ActiveCfg = Release|Any CPU
		{E2A4BA5A-8E93-4EA8-908E-63B4CA775D4D}.Ad-Hoc|x64.Build.0 = Release|Any CPU
		{E2A4BA5A-8E93-4EA8-908E-63B4CA775D4D}.Ad-Hoc|x64.Deploy.0 = Release|Any CPU
		{E2A4BA5A-8E93-4EA8-908E-63B4CA775D4D}.Ad-Hoc|x86.ActiveCfg = Release|Any CPU
		{E2A4BA5A-8E93-4EA8-908E-63B4CA775D4D}.Ad-Hoc|x86.Build.0 = Release|Any CPU
		{E2A4BA5A-8E93-4EA8-908E-63B4CA775D4D}.Ad-Hoc|x86.Deploy.0 = Release|Any CPU
		{E2A4BA5A-8E93-4EA8-908E-63B4CA775D4D}.AppStore|Any CPU.ActiveCfg = Release|Any CPU
		{E2A4BA5A-8E93-4EA8-908E-63B4CA775D4D}.AppStore|Any CPU.Build.0 = Release|Any CPU
		{E2A4BA5A-8E93-4EA8-908E-63B4CA775D4D}.AppStore|Any CPU.Deploy.0 = Release|Any CPU
		{E2A4BA5A-8E93-4EA8-908E-63B4CA775D4D}.AppStore|ARM.ActiveCfg = Release|Any CPU
		{E2A4BA5A-8E93-4EA8-908E-63B4CA775D4D}.AppStore|ARM.Build.0 = Release|Any CPU
		{E2A4BA5A-8E93-4EA8-908E-63B4CA775D4D}.AppStore|ARM.Deploy.0 = Release|Any CPU
		{E2A4BA5A-8E93-4EA8-908E-63B4CA775D4D}.AppStore|iPhone.ActiveCfg = Release|Any CPU
		{E2A4BA5A-8E93-4EA8-908E-63B4CA775D4D}.AppStore|iPhone.Build.0 = Release|Any CPU
		{E2A4BA5A-8E93-4EA8-908E-63B4CA775D4D}.AppStore|iPhone.Deploy.0 = Release|Any CPU
		{E2A4BA5A-8E93-4EA8-908E-63B4CA775D4D}.AppStore|iPhoneSimulator.ActiveCfg = Release|Any CPU
		{E2A4BA5A-8E93-4EA8-908E-63B4CA775D4D}.AppStore|iPhoneSimulator.Build.0 = Release|Any CPU
		{E2A4BA5A-8E93-4EA8-908E-63B4CA775D4D}.AppStore|iPhoneSimulator.Deploy.0 = Release|Any CPU
		{E2A4BA5A-8E93-4EA8-908E-63B4CA775D4D}.AppStore|x64.ActiveCfg = Release|Any CPU
		{E2A4BA5A-8E93-4EA8-908E-63B4CA775D4D}.AppStore|x64.Build.0 = Release|Any CPU
		{E2A4BA5A-8E93-4EA8-908E-63B4CA775D4D}.AppStore|x64.Deploy.0 = Release|Any CPU
		{E2A4BA5A-8E93-4EA8-908E-63B4CA775D4D}.AppStore|x86.ActiveCfg = Release|Any CPU
		{E2A4BA5A-8E93-4EA8-908E-63B4CA775D4D}.AppStore|x86.Build.0 = Release|Any CPU
		{E2A4BA5A-8E93-4EA8-908E-63B4CA775D4D}.AppStore|x86.Deploy.0 = Release|Any CPU
		{E2A4BA5A-8E93-4EA8-908E-63B4CA775D4D}.Debug|Any CPU.ActiveCfg = Debug|Any CPU
		{E2A4BA5A-8E93-4EA8-908E-63B4CA775D4D}.Debug|Any CPU.Build.0 = Debug|Any CPU
		{E2A4BA5A-8E93-4EA8-908E-63B4CA775D4D}.Debug|Any CPU.Deploy.0 = Debug|Any CPU
		{E2A4BA5A-8E93-4EA8-908E-63B4CA775D4D}.Debug|ARM.ActiveCfg = Debug|Any CPU
		{E2A4BA5A-8E93-4EA8-908E-63B4CA775D4D}.Debug|ARM.Build.0 = Debug|Any CPU
		{E2A4BA5A-8E93-4EA8-908E-63B4CA775D4D}.Debug|ARM.Deploy.0 = Debug|Any CPU
		{E2A4BA5A-8E93-4EA8-908E-63B4CA775D4D}.Debug|iPhone.ActiveCfg = Debug|Any CPU
		{E2A4BA5A-8E93-4EA8-908E-63B4CA775D4D}.Debug|iPhone.Build.0 = Debug|Any CPU
		{E2A4BA5A-8E93-4EA8-908E-63B4CA775D4D}.Debug|iPhone.Deploy.0 = Debug|Any CPU
		{E2A4BA5A-8E93-4EA8-908E-63B4CA775D4D}.Debug|iPhoneSimulator.ActiveCfg = Debug|Any CPU
		{E2A4BA5A-8E93-4EA8-908E-63B4CA775D4D}.Debug|iPhoneSimulator.Build.0 = Debug|Any CPU
		{E2A4BA5A-8E93-4EA8-908E-63B4CA775D4D}.Debug|iPhoneSimulator.Deploy.0 = Debug|Any CPU
		{E2A4BA5A-8E93-4EA8-908E-63B4CA775D4D}.Debug|x64.ActiveCfg = Debug|Any CPU
		{E2A4BA5A-8E93-4EA8-908E-63B4CA775D4D}.Debug|x64.Build.0 = Debug|Any CPU
		{E2A4BA5A-8E93-4EA8-908E-63B4CA775D4D}.Debug|x64.Deploy.0 = Debug|Any CPU
		{E2A4BA5A-8E93-4EA8-908E-63B4CA775D4D}.Debug|x86.ActiveCfg = Debug|Any CPU
		{E2A4BA5A-8E93-4EA8-908E-63B4CA775D4D}.Debug|x86.Build.0 = Debug|Any CPU
		{E2A4BA5A-8E93-4EA8-908E-63B4CA775D4D}.Debug|x86.Deploy.0 = Debug|Any CPU
		{E2A4BA5A-8E93-4EA8-908E-63B4CA775D4D}.Release|Any CPU.ActiveCfg = Release|Any CPU
		{E2A4BA5A-8E93-4EA8-908E-63B4CA775D4D}.Release|Any CPU.Build.0 = Release|Any CPU
		{E2A4BA5A-8E93-4EA8-908E-63B4CA775D4D}.Release|Any CPU.Deploy.0 = Release|Any CPU
		{E2A4BA5A-8E93-4EA8-908E-63B4CA775D4D}.Release|ARM.ActiveCfg = Release|Any CPU
		{E2A4BA5A-8E93-4EA8-908E-63B4CA775D4D}.Release|ARM.Build.0 = Release|Any CPU
		{E2A4BA5A-8E93-4EA8-908E-63B4CA775D4D}.Release|ARM.Deploy.0 = Release|Any CPU
		{E2A4BA5A-8E93-4EA8-908E-63B4CA775D4D}.Release|iPhone.ActiveCfg = Release|Any CPU
		{E2A4BA5A-8E93-4EA8-908E-63B4CA775D4D}.Release|iPhone.Build.0 = Release|Any CPU
		{E2A4BA5A-8E93-4EA8-908E-63B4CA775D4D}.Release|iPhone.Deploy.0 = Release|Any CPU
		{E2A4BA5A-8E93-4EA8-908E-63B4CA775D4D}.Release|iPhoneSimulator.ActiveCfg = Release|Any CPU
		{E2A4BA5A-8E93-4EA8-908E-63B4CA775D4D}.Release|iPhoneSimulator.Build.0 = Release|Any CPU
		{E2A4BA5A-8E93-4EA8-908E-63B4CA775D4D}.Release|iPhoneSimulator.Deploy.0 = Release|Any CPU
		{E2A4BA5A-8E93-4EA8-908E-63B4CA775D4D}.Release|x64.ActiveCfg = Release|Any CPU
		{E2A4BA5A-8E93-4EA8-908E-63B4CA775D4D}.Release|x64.Build.0 = Release|Any CPU
		{E2A4BA5A-8E93-4EA8-908E-63B4CA775D4D}.Release|x64.Deploy.0 = Release|Any CPU
		{E2A4BA5A-8E93-4EA8-908E-63B4CA775D4D}.Release|x86.ActiveCfg = Release|Any CPU
		{E2A4BA5A-8E93-4EA8-908E-63B4CA775D4D}.Release|x86.Build.0 = Release|Any CPU
		{E2A4BA5A-8E93-4EA8-908E-63B4CA775D4D}.Release|x86.Deploy.0 = Release|Any CPU
		{C3FF17E0-1272-4FA2-9C80-57C1FD567A9E}.Ad-Hoc|Any CPU.ActiveCfg = Ad-Hoc|iPhone
		{C3FF17E0-1272-4FA2-9C80-57C1FD567A9E}.Ad-Hoc|ARM.ActiveCfg = Ad-Hoc|iPhone
		{C3FF17E0-1272-4FA2-9C80-57C1FD567A9E}.Ad-Hoc|iPhone.ActiveCfg = Ad-Hoc|iPhone
		{C3FF17E0-1272-4FA2-9C80-57C1FD567A9E}.Ad-Hoc|iPhone.Build.0 = Ad-Hoc|iPhone
		{C3FF17E0-1272-4FA2-9C80-57C1FD567A9E}.Ad-Hoc|iPhoneSimulator.ActiveCfg = Ad-Hoc|iPhoneSimulator
		{C3FF17E0-1272-4FA2-9C80-57C1FD567A9E}.Ad-Hoc|iPhoneSimulator.Build.0 = Ad-Hoc|iPhoneSimulator
		{C3FF17E0-1272-4FA2-9C80-57C1FD567A9E}.Ad-Hoc|x64.ActiveCfg = Ad-Hoc|iPhone
		{C3FF17E0-1272-4FA2-9C80-57C1FD567A9E}.Ad-Hoc|x86.ActiveCfg = Ad-Hoc|iPhone
		{C3FF17E0-1272-4FA2-9C80-57C1FD567A9E}.AppStore|Any CPU.ActiveCfg = AppStore|iPhone
		{C3FF17E0-1272-4FA2-9C80-57C1FD567A9E}.AppStore|ARM.ActiveCfg = AppStore|iPhone
		{C3FF17E0-1272-4FA2-9C80-57C1FD567A9E}.AppStore|iPhone.ActiveCfg = AppStore|iPhone
		{C3FF17E0-1272-4FA2-9C80-57C1FD567A9E}.AppStore|iPhone.Build.0 = AppStore|iPhone
		{C3FF17E0-1272-4FA2-9C80-57C1FD567A9E}.AppStore|iPhoneSimulator.ActiveCfg = AppStore|iPhoneSimulator
		{C3FF17E0-1272-4FA2-9C80-57C1FD567A9E}.AppStore|iPhoneSimulator.Build.0 = AppStore|iPhoneSimulator
		{C3FF17E0-1272-4FA2-9C80-57C1FD567A9E}.AppStore|x64.ActiveCfg = AppStore|iPhone
		{C3FF17E0-1272-4FA2-9C80-57C1FD567A9E}.AppStore|x86.ActiveCfg = AppStore|iPhone
		{C3FF17E0-1272-4FA2-9C80-57C1FD567A9E}.Debug|Any CPU.ActiveCfg = Debug|iPhone
		{C3FF17E0-1272-4FA2-9C80-57C1FD567A9E}.Debug|ARM.ActiveCfg = Debug|iPhone
		{C3FF17E0-1272-4FA2-9C80-57C1FD567A9E}.Debug|iPhone.ActiveCfg = Debug|iPhone
		{C3FF17E0-1272-4FA2-9C80-57C1FD567A9E}.Debug|iPhone.Build.0 = Debug|iPhone
		{C3FF17E0-1272-4FA2-9C80-57C1FD567A9E}.Debug|iPhoneSimulator.ActiveCfg = Debug|iPhoneSimulator
		{C3FF17E0-1272-4FA2-9C80-57C1FD567A9E}.Debug|iPhoneSimulator.Build.0 = Debug|iPhoneSimulator
		{C3FF17E0-1272-4FA2-9C80-57C1FD567A9E}.Debug|x64.ActiveCfg = Debug|iPhone
		{C3FF17E0-1272-4FA2-9C80-57C1FD567A9E}.Debug|x86.ActiveCfg = Debug|iPhone
		{C3FF17E0-1272-4FA2-9C80-57C1FD567A9E}.Release|Any CPU.ActiveCfg = Release|iPhone
		{C3FF17E0-1272-4FA2-9C80-57C1FD567A9E}.Release|ARM.ActiveCfg = Release|iPhone
		{C3FF17E0-1272-4FA2-9C80-57C1FD567A9E}.Release|iPhone.ActiveCfg = Release|iPhone
		{C3FF17E0-1272-4FA2-9C80-57C1FD567A9E}.Release|iPhone.Build.0 = Release|iPhone
		{C3FF17E0-1272-4FA2-9C80-57C1FD567A9E}.Release|iPhoneSimulator.ActiveCfg = Release|iPhoneSimulator
		{C3FF17E0-1272-4FA2-9C80-57C1FD567A9E}.Release|iPhoneSimulator.Build.0 = Release|iPhoneSimulator
		{C3FF17E0-1272-4FA2-9C80-57C1FD567A9E}.Release|x64.ActiveCfg = Release|iPhone
		{C3FF17E0-1272-4FA2-9C80-57C1FD567A9E}.Release|x86.ActiveCfg = Release|iPhone
		{1A2CBA8C-6FDC-41FB-8E07-AA9E70CDD086}.Ad-Hoc|Any CPU.ActiveCfg = Release|Any CPU
		{1A2CBA8C-6FDC-41FB-8E07-AA9E70CDD086}.Ad-Hoc|Any CPU.Build.0 = Release|Any CPU
		{1A2CBA8C-6FDC-41FB-8E07-AA9E70CDD086}.Ad-Hoc|Any CPU.Deploy.0 = Release|Any CPU
		{1A2CBA8C-6FDC-41FB-8E07-AA9E70CDD086}.Ad-Hoc|ARM.ActiveCfg = Release|ARM
		{1A2CBA8C-6FDC-41FB-8E07-AA9E70CDD086}.Ad-Hoc|ARM.Build.0 = Release|ARM
		{1A2CBA8C-6FDC-41FB-8E07-AA9E70CDD086}.Ad-Hoc|ARM.Deploy.0 = Release|ARM
		{1A2CBA8C-6FDC-41FB-8E07-AA9E70CDD086}.Ad-Hoc|iPhone.ActiveCfg = Release|Any CPU
		{1A2CBA8C-6FDC-41FB-8E07-AA9E70CDD086}.Ad-Hoc|iPhone.Build.0 = Release|Any CPU
		{1A2CBA8C-6FDC-41FB-8E07-AA9E70CDD086}.Ad-Hoc|iPhone.Deploy.0 = Release|Any CPU
		{1A2CBA8C-6FDC-41FB-8E07-AA9E70CDD086}.Ad-Hoc|iPhoneSimulator.ActiveCfg = Release|Any CPU
		{1A2CBA8C-6FDC-41FB-8E07-AA9E70CDD086}.Ad-Hoc|iPhoneSimulator.Build.0 = Release|Any CPU
		{1A2CBA8C-6FDC-41FB-8E07-AA9E70CDD086}.Ad-Hoc|iPhoneSimulator.Deploy.0 = Release|Any CPU
		{1A2CBA8C-6FDC-41FB-8E07-AA9E70CDD086}.Ad-Hoc|x64.ActiveCfg = Release|Any CPU
		{1A2CBA8C-6FDC-41FB-8E07-AA9E70CDD086}.Ad-Hoc|x64.Build.0 = Release|Any CPU
		{1A2CBA8C-6FDC-41FB-8E07-AA9E70CDD086}.Ad-Hoc|x64.Deploy.0 = Release|Any CPU
		{1A2CBA8C-6FDC-41FB-8E07-AA9E70CDD086}.Ad-Hoc|x86.ActiveCfg = Release|x86
		{1A2CBA8C-6FDC-41FB-8E07-AA9E70CDD086}.Ad-Hoc|x86.Build.0 = Release|x86
		{1A2CBA8C-6FDC-41FB-8E07-AA9E70CDD086}.Ad-Hoc|x86.Deploy.0 = Release|x86
		{1A2CBA8C-6FDC-41FB-8E07-AA9E70CDD086}.AppStore|Any CPU.ActiveCfg = Release|Any CPU
		{1A2CBA8C-6FDC-41FB-8E07-AA9E70CDD086}.AppStore|Any CPU.Build.0 = Release|Any CPU
		{1A2CBA8C-6FDC-41FB-8E07-AA9E70CDD086}.AppStore|Any CPU.Deploy.0 = Release|Any CPU
		{1A2CBA8C-6FDC-41FB-8E07-AA9E70CDD086}.AppStore|ARM.ActiveCfg = Release|ARM
		{1A2CBA8C-6FDC-41FB-8E07-AA9E70CDD086}.AppStore|ARM.Build.0 = Release|ARM
		{1A2CBA8C-6FDC-41FB-8E07-AA9E70CDD086}.AppStore|ARM.Deploy.0 = Release|ARM
		{1A2CBA8C-6FDC-41FB-8E07-AA9E70CDD086}.AppStore|iPhone.ActiveCfg = Release|Any CPU
		{1A2CBA8C-6FDC-41FB-8E07-AA9E70CDD086}.AppStore|iPhone.Build.0 = Release|Any CPU
		{1A2CBA8C-6FDC-41FB-8E07-AA9E70CDD086}.AppStore|iPhone.Deploy.0 = Release|Any CPU
		{1A2CBA8C-6FDC-41FB-8E07-AA9E70CDD086}.AppStore|iPhoneSimulator.ActiveCfg = Release|Any CPU
		{1A2CBA8C-6FDC-41FB-8E07-AA9E70CDD086}.AppStore|iPhoneSimulator.Build.0 = Release|Any CPU
		{1A2CBA8C-6FDC-41FB-8E07-AA9E70CDD086}.AppStore|iPhoneSimulator.Deploy.0 = Release|Any CPU
		{1A2CBA8C-6FDC-41FB-8E07-AA9E70CDD086}.AppStore|x64.ActiveCfg = Release|Any CPU
		{1A2CBA8C-6FDC-41FB-8E07-AA9E70CDD086}.AppStore|x64.Build.0 = Release|Any CPU
		{1A2CBA8C-6FDC-41FB-8E07-AA9E70CDD086}.AppStore|x64.Deploy.0 = Release|Any CPU
		{1A2CBA8C-6FDC-41FB-8E07-AA9E70CDD086}.AppStore|x86.ActiveCfg = Release|x86
		{1A2CBA8C-6FDC-41FB-8E07-AA9E70CDD086}.AppStore|x86.Build.0 = Release|x86
		{1A2CBA8C-6FDC-41FB-8E07-AA9E70CDD086}.AppStore|x86.Deploy.0 = Release|x86
		{1A2CBA8C-6FDC-41FB-8E07-AA9E70CDD086}.Debug|Any CPU.ActiveCfg = Debug|Any CPU
		{1A2CBA8C-6FDC-41FB-8E07-AA9E70CDD086}.Debug|Any CPU.Build.0 = Debug|Any CPU
		{1A2CBA8C-6FDC-41FB-8E07-AA9E70CDD086}.Debug|Any CPU.Deploy.0 = Debug|Any CPU
		{1A2CBA8C-6FDC-41FB-8E07-AA9E70CDD086}.Debug|ARM.ActiveCfg = Debug|ARM
		{1A2CBA8C-6FDC-41FB-8E07-AA9E70CDD086}.Debug|ARM.Build.0 = Debug|ARM
		{1A2CBA8C-6FDC-41FB-8E07-AA9E70CDD086}.Debug|ARM.Deploy.0 = Debug|ARM
		{1A2CBA8C-6FDC-41FB-8E07-AA9E70CDD086}.Debug|iPhone.ActiveCfg = Debug|Any CPU
		{1A2CBA8C-6FDC-41FB-8E07-AA9E70CDD086}.Debug|iPhone.Build.0 = Debug|Any CPU
		{1A2CBA8C-6FDC-41FB-8E07-AA9E70CDD086}.Debug|iPhone.Deploy.0 = Debug|Any CPU
		{1A2CBA8C-6FDC-41FB-8E07-AA9E70CDD086}.Debug|iPhoneSimulator.ActiveCfg = Debug|Any CPU
		{1A2CBA8C-6FDC-41FB-8E07-AA9E70CDD086}.Debug|iPhoneSimulator.Build.0 = Debug|Any CPU
		{1A2CBA8C-6FDC-41FB-8E07-AA9E70CDD086}.Debug|iPhoneSimulator.Deploy.0 = Debug|Any CPU
		{1A2CBA8C-6FDC-41FB-8E07-AA9E70CDD086}.Debug|x64.ActiveCfg = Debug|Any CPU
		{1A2CBA8C-6FDC-41FB-8E07-AA9E70CDD086}.Debug|x64.Build.0 = Debug|Any CPU
		{1A2CBA8C-6FDC-41FB-8E07-AA9E70CDD086}.Debug|x64.Deploy.0 = Debug|Any CPU
		{1A2CBA8C-6FDC-41FB-8E07-AA9E70CDD086}.Debug|x86.ActiveCfg = Debug|x86
		{1A2CBA8C-6FDC-41FB-8E07-AA9E70CDD086}.Debug|x86.Build.0 = Debug|x86
		{1A2CBA8C-6FDC-41FB-8E07-AA9E70CDD086}.Debug|x86.Deploy.0 = Debug|x86
		{1A2CBA8C-6FDC-41FB-8E07-AA9E70CDD086}.Release|Any CPU.ActiveCfg = Release|Any CPU
		{1A2CBA8C-6FDC-41FB-8E07-AA9E70CDD086}.Release|Any CPU.Build.0 = Release|Any CPU
		{1A2CBA8C-6FDC-41FB-8E07-AA9E70CDD086}.Release|Any CPU.Deploy.0 = Release|Any CPU
		{1A2CBA8C-6FDC-41FB-8E07-AA9E70CDD086}.Release|ARM.ActiveCfg = Release|ARM
		{1A2CBA8C-6FDC-41FB-8E07-AA9E70CDD086}.Release|ARM.Build.0 = Release|ARM
		{1A2CBA8C-6FDC-41FB-8E07-AA9E70CDD086}.Release|ARM.Deploy.0 = Release|ARM
		{1A2CBA8C-6FDC-41FB-8E07-AA9E70CDD086}.Release|iPhone.ActiveCfg = Release|Any CPU
		{1A2CBA8C-6FDC-41FB-8E07-AA9E70CDD086}.Release|iPhone.Build.0 = Release|Any CPU
		{1A2CBA8C-6FDC-41FB-8E07-AA9E70CDD086}.Release|iPhone.Deploy.0 = Release|Any CPU
		{1A2CBA8C-6FDC-41FB-8E07-AA9E70CDD086}.Release|iPhoneSimulator.ActiveCfg = Release|Any CPU
		{1A2CBA8C-6FDC-41FB-8E07-AA9E70CDD086}.Release|iPhoneSimulator.Build.0 = Release|Any CPU
		{1A2CBA8C-6FDC-41FB-8E07-AA9E70CDD086}.Release|iPhoneSimulator.Deploy.0 = Release|Any CPU
		{1A2CBA8C-6FDC-41FB-8E07-AA9E70CDD086}.Release|x64.ActiveCfg = Release|Any CPU
		{1A2CBA8C-6FDC-41FB-8E07-AA9E70CDD086}.Release|x64.Build.0 = Release|Any CPU
		{1A2CBA8C-6FDC-41FB-8E07-AA9E70CDD086}.Release|x64.Deploy.0 = Release|Any CPU
		{1A2CBA8C-6FDC-41FB-8E07-AA9E70CDD086}.Release|x86.ActiveCfg = Release|x86
		{1A2CBA8C-6FDC-41FB-8E07-AA9E70CDD086}.Release|x86.Build.0 = Release|x86
		{1A2CBA8C-6FDC-41FB-8E07-AA9E70CDD086}.Release|x86.Deploy.0 = Release|x86
		{293C0AF4-94F4-47F1-BD5F-A1E2E32B9852}.Ad-Hoc|Any CPU.ActiveCfg = Release|x86
		{293C0AF4-94F4-47F1-BD5F-A1E2E32B9852}.Ad-Hoc|Any CPU.Build.0 = Release|x86
		{293C0AF4-94F4-47F1-BD5F-A1E2E32B9852}.Ad-Hoc|Any CPU.Deploy.0 = Release|x86
		{293C0AF4-94F4-47F1-BD5F-A1E2E32B9852}.Ad-Hoc|ARM.ActiveCfg = Release|ARM
		{293C0AF4-94F4-47F1-BD5F-A1E2E32B9852}.Ad-Hoc|ARM.Build.0 = Release|ARM
		{293C0AF4-94F4-47F1-BD5F-A1E2E32B9852}.Ad-Hoc|ARM.Deploy.0 = Release|ARM
		{293C0AF4-94F4-47F1-BD5F-A1E2E32B9852}.Ad-Hoc|iPhone.ActiveCfg = Release|x86
		{293C0AF4-94F4-47F1-BD5F-A1E2E32B9852}.Ad-Hoc|iPhone.Build.0 = Release|x86
		{293C0AF4-94F4-47F1-BD5F-A1E2E32B9852}.Ad-Hoc|iPhone.Deploy.0 = Release|x86
		{293C0AF4-94F4-47F1-BD5F-A1E2E32B9852}.Ad-Hoc|iPhoneSimulator.ActiveCfg = Release|x86
		{293C0AF4-94F4-47F1-BD5F-A1E2E32B9852}.Ad-Hoc|iPhoneSimulator.Build.0 = Release|x86
		{293C0AF4-94F4-47F1-BD5F-A1E2E32B9852}.Ad-Hoc|iPhoneSimulator.Deploy.0 = Release|x86
		{293C0AF4-94F4-47F1-BD5F-A1E2E32B9852}.Ad-Hoc|x64.ActiveCfg = Release|x64
		{293C0AF4-94F4-47F1-BD5F-A1E2E32B9852}.Ad-Hoc|x64.Build.0 = Release|x64
		{293C0AF4-94F4-47F1-BD5F-A1E2E32B9852}.Ad-Hoc|x64.Deploy.0 = Release|x64
		{293C0AF4-94F4-47F1-BD5F-A1E2E32B9852}.Ad-Hoc|x86.ActiveCfg = Release|x86
		{293C0AF4-94F4-47F1-BD5F-A1E2E32B9852}.Ad-Hoc|x86.Build.0 = Release|x86
		{293C0AF4-94F4-47F1-BD5F-A1E2E32B9852}.Ad-Hoc|x86.Deploy.0 = Release|x86
		{293C0AF4-94F4-47F1-BD5F-A1E2E32B9852}.AppStore|Any CPU.ActiveCfg = Release|x86
		{293C0AF4-94F4-47F1-BD5F-A1E2E32B9852}.AppStore|Any CPU.Build.0 = Release|x86
		{293C0AF4-94F4-47F1-BD5F-A1E2E32B9852}.AppStore|Any CPU.Deploy.0 = Release|x86
		{293C0AF4-94F4-47F1-BD5F-A1E2E32B9852}.AppStore|ARM.ActiveCfg = Release|ARM
		{293C0AF4-94F4-47F1-BD5F-A1E2E32B9852}.AppStore|ARM.Build.0 = Release|ARM
		{293C0AF4-94F4-47F1-BD5F-A1E2E32B9852}.AppStore|ARM.Deploy.0 = Release|ARM
		{293C0AF4-94F4-47F1-BD5F-A1E2E32B9852}.AppStore|iPhone.ActiveCfg = Release|x86
		{293C0AF4-94F4-47F1-BD5F-A1E2E32B9852}.AppStore|iPhone.Build.0 = Release|x86
		{293C0AF4-94F4-47F1-BD5F-A1E2E32B9852}.AppStore|iPhone.Deploy.0 = Release|x86
		{293C0AF4-94F4-47F1-BD5F-A1E2E32B9852}.AppStore|iPhoneSimulator.ActiveCfg = Release|x86
		{293C0AF4-94F4-47F1-BD5F-A1E2E32B9852}.AppStore|iPhoneSimulator.Build.0 = Release|x86
		{293C0AF4-94F4-47F1-BD5F-A1E2E32B9852}.AppStore|iPhoneSimulator.Deploy.0 = Release|x86
		{293C0AF4-94F4-47F1-BD5F-A1E2E32B9852}.AppStore|x64.ActiveCfg = Release|x64
		{293C0AF4-94F4-47F1-BD5F-A1E2E32B9852}.AppStore|x64.Build.0 = Release|x64
		{293C0AF4-94F4-47F1-BD5F-A1E2E32B9852}.AppStore|x64.Deploy.0 = Release|x64
		{293C0AF4-94F4-47F1-BD5F-A1E2E32B9852}.AppStore|x86.ActiveCfg = Release|x86
		{293C0AF4-94F4-47F1-BD5F-A1E2E32B9852}.AppStore|x86.Build.0 = Release|x86
		{293C0AF4-94F4-47F1-BD5F-A1E2E32B9852}.AppStore|x86.Deploy.0 = Release|x86
		{293C0AF4-94F4-47F1-BD5F-A1E2E32B9852}.Debug|Any CPU.ActiveCfg = Debug|x86
		{293C0AF4-94F4-47F1-BD5F-A1E2E32B9852}.Debug|ARM.ActiveCfg = Debug|ARM
		{293C0AF4-94F4-47F1-BD5F-A1E2E32B9852}.Debug|ARM.Build.0 = Debug|ARM
		{293C0AF4-94F4-47F1-BD5F-A1E2E32B9852}.Debug|ARM.Deploy.0 = Debug|ARM
		{293C0AF4-94F4-47F1-BD5F-A1E2E32B9852}.Debug|iPhone.ActiveCfg = Debug|x86
		{293C0AF4-94F4-47F1-BD5F-A1E2E32B9852}.Debug|iPhoneSimulator.ActiveCfg = Debug|x86
		{293C0AF4-94F4-47F1-BD5F-A1E2E32B9852}.Debug|x64.ActiveCfg = Debug|x64
		{293C0AF4-94F4-47F1-BD5F-A1E2E32B9852}.Debug|x64.Build.0 = Debug|x64
		{293C0AF4-94F4-47F1-BD5F-A1E2E32B9852}.Debug|x64.Deploy.0 = Debug|x64
		{293C0AF4-94F4-47F1-BD5F-A1E2E32B9852}.Debug|x86.ActiveCfg = Debug|x86
		{293C0AF4-94F4-47F1-BD5F-A1E2E32B9852}.Debug|x86.Build.0 = Debug|x86
		{293C0AF4-94F4-47F1-BD5F-A1E2E32B9852}.Debug|x86.Deploy.0 = Debug|x86
		{293C0AF4-94F4-47F1-BD5F-A1E2E32B9852}.Release|Any CPU.ActiveCfg = Release|x86
		{293C0AF4-94F4-47F1-BD5F-A1E2E32B9852}.Release|ARM.ActiveCfg = Release|ARM
		{293C0AF4-94F4-47F1-BD5F-A1E2E32B9852}.Release|ARM.Build.0 = Release|ARM
		{293C0AF4-94F4-47F1-BD5F-A1E2E32B9852}.Release|ARM.Deploy.0 = Release|ARM
		{293C0AF4-94F4-47F1-BD5F-A1E2E32B9852}.Release|iPhone.ActiveCfg = Release|x86
		{293C0AF4-94F4-47F1-BD5F-A1E2E32B9852}.Release|iPhoneSimulator.ActiveCfg = Release|x86
		{293C0AF4-94F4-47F1-BD5F-A1E2E32B9852}.Release|x64.ActiveCfg = Release|x64
		{293C0AF4-94F4-47F1-BD5F-A1E2E32B9852}.Release|x64.Build.0 = Release|x64
		{293C0AF4-94F4-47F1-BD5F-A1E2E32B9852}.Release|x64.Deploy.0 = Release|x64
		{293C0AF4-94F4-47F1-BD5F-A1E2E32B9852}.Release|x86.ActiveCfg = Release|x86
		{293C0AF4-94F4-47F1-BD5F-A1E2E32B9852}.Release|x86.Build.0 = Release|x86
		{293C0AF4-94F4-47F1-BD5F-A1E2E32B9852}.Release|x86.Deploy.0 = Release|x86
		{C0E6CB06-4CB1-4325-988D-B8D771CD2014}.Ad-Hoc|Any CPU.ActiveCfg = Release|Any CPU
		{C0E6CB06-4CB1-4325-988D-B8D771CD2014}.Ad-Hoc|Any CPU.Build.0 = Release|Any CPU
		{C0E6CB06-4CB1-4325-988D-B8D771CD2014}.Ad-Hoc|Any CPU.Deploy.0 = Release|Any CPU
		{C0E6CB06-4CB1-4325-988D-B8D771CD2014}.Ad-Hoc|ARM.ActiveCfg = Release|ARM
		{C0E6CB06-4CB1-4325-988D-B8D771CD2014}.Ad-Hoc|ARM.Build.0 = Release|ARM
		{C0E6CB06-4CB1-4325-988D-B8D771CD2014}.Ad-Hoc|ARM.Deploy.0 = Release|ARM
		{C0E6CB06-4CB1-4325-988D-B8D771CD2014}.Ad-Hoc|iPhone.ActiveCfg = Release|Any CPU
		{C0E6CB06-4CB1-4325-988D-B8D771CD2014}.Ad-Hoc|iPhone.Build.0 = Release|Any CPU
		{C0E6CB06-4CB1-4325-988D-B8D771CD2014}.Ad-Hoc|iPhone.Deploy.0 = Release|Any CPU
		{C0E6CB06-4CB1-4325-988D-B8D771CD2014}.Ad-Hoc|iPhoneSimulator.ActiveCfg = Release|Any CPU
		{C0E6CB06-4CB1-4325-988D-B8D771CD2014}.Ad-Hoc|iPhoneSimulator.Build.0 = Release|Any CPU
		{C0E6CB06-4CB1-4325-988D-B8D771CD2014}.Ad-Hoc|iPhoneSimulator.Deploy.0 = Release|Any CPU
		{C0E6CB06-4CB1-4325-988D-B8D771CD2014}.Ad-Hoc|x64.ActiveCfg = Release|x64
		{C0E6CB06-4CB1-4325-988D-B8D771CD2014}.Ad-Hoc|x64.Build.0 = Release|x64
		{C0E6CB06-4CB1-4325-988D-B8D771CD2014}.Ad-Hoc|x64.Deploy.0 = Release|x64
		{C0E6CB06-4CB1-4325-988D-B8D771CD2014}.Ad-Hoc|x86.ActiveCfg = Release|x86
		{C0E6CB06-4CB1-4325-988D-B8D771CD2014}.Ad-Hoc|x86.Build.0 = Release|x86
		{C0E6CB06-4CB1-4325-988D-B8D771CD2014}.Ad-Hoc|x86.Deploy.0 = Release|x86
		{C0E6CB06-4CB1-4325-988D-B8D771CD2014}.AppStore|Any CPU.ActiveCfg = Release|Any CPU
		{C0E6CB06-4CB1-4325-988D-B8D771CD2014}.AppStore|Any CPU.Build.0 = Release|Any CPU
		{C0E6CB06-4CB1-4325-988D-B8D771CD2014}.AppStore|Any CPU.Deploy.0 = Release|Any CPU
		{C0E6CB06-4CB1-4325-988D-B8D771CD2014}.AppStore|ARM.ActiveCfg = Release|ARM
		{C0E6CB06-4CB1-4325-988D-B8D771CD2014}.AppStore|ARM.Build.0 = Release|ARM
		{C0E6CB06-4CB1-4325-988D-B8D771CD2014}.AppStore|ARM.Deploy.0 = Release|ARM
		{C0E6CB06-4CB1-4325-988D-B8D771CD2014}.AppStore|iPhone.ActiveCfg = Release|Any CPU
		{C0E6CB06-4CB1-4325-988D-B8D771CD2014}.AppStore|iPhone.Build.0 = Release|Any CPU
		{C0E6CB06-4CB1-4325-988D-B8D771CD2014}.AppStore|iPhone.Deploy.0 = Release|Any CPU
		{C0E6CB06-4CB1-4325-988D-B8D771CD2014}.AppStore|iPhoneSimulator.ActiveCfg = Release|Any CPU
		{C0E6CB06-4CB1-4325-988D-B8D771CD2014}.AppStore|iPhoneSimulator.Build.0 = Release|Any CPU
		{C0E6CB06-4CB1-4325-988D-B8D771CD2014}.AppStore|iPhoneSimulator.Deploy.0 = Release|Any CPU
		{C0E6CB06-4CB1-4325-988D-B8D771CD2014}.AppStore|x64.ActiveCfg = Release|x64
		{C0E6CB06-4CB1-4325-988D-B8D771CD2014}.AppStore|x64.Build.0 = Release|x64
		{C0E6CB06-4CB1-4325-988D-B8D771CD2014}.AppStore|x64.Deploy.0 = Release|x64
		{C0E6CB06-4CB1-4325-988D-B8D771CD2014}.AppStore|x86.ActiveCfg = Release|x86
		{C0E6CB06-4CB1-4325-988D-B8D771CD2014}.AppStore|x86.Build.0 = Release|x86
		{C0E6CB06-4CB1-4325-988D-B8D771CD2014}.AppStore|x86.Deploy.0 = Release|x86
		{C0E6CB06-4CB1-4325-988D-B8D771CD2014}.Debug|Any CPU.ActiveCfg = Debug|Any CPU
		{C0E6CB06-4CB1-4325-988D-B8D771CD2014}.Debug|Any CPU.Build.0 = Debug|Any CPU
		{C0E6CB06-4CB1-4325-988D-B8D771CD2014}.Debug|Any CPU.Deploy.0 = Debug|Any CPU
		{C0E6CB06-4CB1-4325-988D-B8D771CD2014}.Debug|ARM.ActiveCfg = Debug|ARM
		{C0E6CB06-4CB1-4325-988D-B8D771CD2014}.Debug|ARM.Build.0 = Debug|ARM
		{C0E6CB06-4CB1-4325-988D-B8D771CD2014}.Debug|ARM.Deploy.0 = Debug|ARM
		{C0E6CB06-4CB1-4325-988D-B8D771CD2014}.Debug|iPhone.ActiveCfg = Debug|Any CPU
		{C0E6CB06-4CB1-4325-988D-B8D771CD2014}.Debug|iPhone.Build.0 = Debug|Any CPU
		{C0E6CB06-4CB1-4325-988D-B8D771CD2014}.Debug|iPhone.Deploy.0 = Debug|Any CPU
		{C0E6CB06-4CB1-4325-988D-B8D771CD2014}.Debug|iPhoneSimulator.ActiveCfg = Debug|Any CPU
		{C0E6CB06-4CB1-4325-988D-B8D771CD2014}.Debug|iPhoneSimulator.Build.0 = Debug|Any CPU
		{C0E6CB06-4CB1-4325-988D-B8D771CD2014}.Debug|iPhoneSimulator.Deploy.0 = Debug|Any CPU
		{C0E6CB06-4CB1-4325-988D-B8D771CD2014}.Debug|x64.ActiveCfg = Debug|x64
		{C0E6CB06-4CB1-4325-988D-B8D771CD2014}.Debug|x64.Build.0 = Debug|x64
		{C0E6CB06-4CB1-4325-988D-B8D771CD2014}.Debug|x64.Deploy.0 = Debug|x64
		{C0E6CB06-4CB1-4325-988D-B8D771CD2014}.Debug|x86.ActiveCfg = Debug|x86
		{C0E6CB06-4CB1-4325-988D-B8D771CD2014}.Debug|x86.Build.0 = Debug|x86
		{C0E6CB06-4CB1-4325-988D-B8D771CD2014}.Debug|x86.Deploy.0 = Debug|x86
		{C0E6CB06-4CB1-4325-988D-B8D771CD2014}.Release|Any CPU.ActiveCfg = Release|Any CPU
		{C0E6CB06-4CB1-4325-988D-B8D771CD2014}.Release|Any CPU.Build.0 = Release|Any CPU
		{C0E6CB06-4CB1-4325-988D-B8D771CD2014}.Release|Any CPU.Deploy.0 = Release|Any CPU
		{C0E6CB06-4CB1-4325-988D-B8D771CD2014}.Release|ARM.ActiveCfg = Release|ARM
		{C0E6CB06-4CB1-4325-988D-B8D771CD2014}.Release|ARM.Build.0 = Release|ARM
		{C0E6CB06-4CB1-4325-988D-B8D771CD2014}.Release|ARM.Deploy.0 = Release|ARM
		{C0E6CB06-4CB1-4325-988D-B8D771CD2014}.Release|iPhone.ActiveCfg = Release|Any CPU
		{C0E6CB06-4CB1-4325-988D-B8D771CD2014}.Release|iPhone.Build.0 = Release|Any CPU
		{C0E6CB06-4CB1-4325-988D-B8D771CD2014}.Release|iPhone.Deploy.0 = Release|Any CPU
		{C0E6CB06-4CB1-4325-988D-B8D771CD2014}.Release|iPhoneSimulator.ActiveCfg = Release|Any CPU
		{C0E6CB06-4CB1-4325-988D-B8D771CD2014}.Release|iPhoneSimulator.Build.0 = Release|Any CPU
		{C0E6CB06-4CB1-4325-988D-B8D771CD2014}.Release|iPhoneSimulator.Deploy.0 = Release|Any CPU
		{C0E6CB06-4CB1-4325-988D-B8D771CD2014}.Release|x64.ActiveCfg = Release|x64
		{C0E6CB06-4CB1-4325-988D-B8D771CD2014}.Release|x64.Build.0 = Release|x64
		{C0E6CB06-4CB1-4325-988D-B8D771CD2014}.Release|x64.Deploy.0 = Release|x64
		{C0E6CB06-4CB1-4325-988D-B8D771CD2014}.Release|x86.ActiveCfg = Release|x86
		{C0E6CB06-4CB1-4325-988D-B8D771CD2014}.Release|x86.Build.0 = Release|x86
		{C0E6CB06-4CB1-4325-988D-B8D771CD2014}.Release|x86.Deploy.0 = Release|x86
		{D2C60DCE-A5CB-4969-9B27-B7BD3D1F0F97}.Ad-Hoc|Any CPU.ActiveCfg = Release|Any CPU
		{D2C60DCE-A5CB-4969-9B27-B7BD3D1F0F97}.Ad-Hoc|Any CPU.Build.0 = Release|Any CPU
		{D2C60DCE-A5CB-4969-9B27-B7BD3D1F0F97}.Ad-Hoc|ARM.ActiveCfg = Release|Any CPU
		{D2C60DCE-A5CB-4969-9B27-B7BD3D1F0F97}.Ad-Hoc|ARM.Build.0 = Release|Any CPU
		{D2C60DCE-A5CB-4969-9B27-B7BD3D1F0F97}.Ad-Hoc|iPhone.ActiveCfg = Release|Any CPU
		{D2C60DCE-A5CB-4969-9B27-B7BD3D1F0F97}.Ad-Hoc|iPhone.Build.0 = Release|Any CPU
		{D2C60DCE-A5CB-4969-9B27-B7BD3D1F0F97}.Ad-Hoc|iPhoneSimulator.ActiveCfg = Release|Any CPU
		{D2C60DCE-A5CB-4969-9B27-B7BD3D1F0F97}.Ad-Hoc|iPhoneSimulator.Build.0 = Release|Any CPU
		{D2C60DCE-A5CB-4969-9B27-B7BD3D1F0F97}.Ad-Hoc|x64.ActiveCfg = Release|Any CPU
		{D2C60DCE-A5CB-4969-9B27-B7BD3D1F0F97}.Ad-Hoc|x64.Build.0 = Release|Any CPU
		{D2C60DCE-A5CB-4969-9B27-B7BD3D1F0F97}.Ad-Hoc|x86.ActiveCfg = Release|Any CPU
		{D2C60DCE-A5CB-4969-9B27-B7BD3D1F0F97}.Ad-Hoc|x86.Build.0 = Release|Any CPU
		{D2C60DCE-A5CB-4969-9B27-B7BD3D1F0F97}.AppStore|Any CPU.ActiveCfg = Release|Any CPU
		{D2C60DCE-A5CB-4969-9B27-B7BD3D1F0F97}.AppStore|Any CPU.Build.0 = Release|Any CPU
		{D2C60DCE-A5CB-4969-9B27-B7BD3D1F0F97}.AppStore|ARM.ActiveCfg = Release|Any CPU
		{D2C60DCE-A5CB-4969-9B27-B7BD3D1F0F97}.AppStore|ARM.Build.0 = Release|Any CPU
		{D2C60DCE-A5CB-4969-9B27-B7BD3D1F0F97}.AppStore|iPhone.ActiveCfg = Release|Any CPU
		{D2C60DCE-A5CB-4969-9B27-B7BD3D1F0F97}.AppStore|iPhone.Build.0 = Release|Any CPU
		{D2C60DCE-A5CB-4969-9B27-B7BD3D1F0F97}.AppStore|iPhoneSimulator.ActiveCfg = Release|Any CPU
		{D2C60DCE-A5CB-4969-9B27-B7BD3D1F0F97}.AppStore|iPhoneSimulator.Build.0 = Release|Any CPU
		{D2C60DCE-A5CB-4969-9B27-B7BD3D1F0F97}.AppStore|x64.ActiveCfg = Release|Any CPU
		{D2C60DCE-A5CB-4969-9B27-B7BD3D1F0F97}.AppStore|x64.Build.0 = Release|Any CPU
		{D2C60DCE-A5CB-4969-9B27-B7BD3D1F0F97}.AppStore|x86.ActiveCfg = Release|Any CPU
		{D2C60DCE-A5CB-4969-9B27-B7BD3D1F0F97}.AppStore|x86.Build.0 = Release|Any CPU
		{D2C60DCE-A5CB-4969-9B27-B7BD3D1F0F97}.Debug|Any CPU.ActiveCfg = Debug|Any CPU
		{D2C60DCE-A5CB-4969-9B27-B7BD3D1F0F97}.Debug|Any CPU.Build.0 = Debug|Any CPU
		{D2C60DCE-A5CB-4969-9B27-B7BD3D1F0F97}.Debug|ARM.ActiveCfg = Debug|Any CPU
		{D2C60DCE-A5CB-4969-9B27-B7BD3D1F0F97}.Debug|ARM.Build.0 = Debug|Any CPU
		{D2C60DCE-A5CB-4969-9B27-B7BD3D1F0F97}.Debug|iPhone.ActiveCfg = Debug|Any CPU
		{D2C60DCE-A5CB-4969-9B27-B7BD3D1F0F97}.Debug|iPhone.Build.0 = Debug|Any CPU
		{D2C60DCE-A5CB-4969-9B27-B7BD3D1F0F97}.Debug|iPhoneSimulator.ActiveCfg = Debug|Any CPU
		{D2C60DCE-A5CB-4969-9B27-B7BD3D1F0F97}.Debug|iPhoneSimulator.Build.0 = Debug|Any CPU
		{D2C60DCE-A5CB-4969-9B27-B7BD3D1F0F97}.Debug|x64.ActiveCfg = Debug|Any CPU
		{D2C60DCE-A5CB-4969-9B27-B7BD3D1F0F97}.Debug|x64.Build.0 = Debug|Any CPU
		{D2C60DCE-A5CB-4969-9B27-B7BD3D1F0F97}.Debug|x86.ActiveCfg = Debug|Any CPU
		{D2C60DCE-A5CB-4969-9B27-B7BD3D1F0F97}.Debug|x86.Build.0 = Debug|Any CPU
		{D2C60DCE-A5CB-4969-9B27-B7BD3D1F0F97}.Release|Any CPU.ActiveCfg = Release|Any CPU
		{D2C60DCE-A5CB-4969-9B27-B7BD3D1F0F97}.Release|Any CPU.Build.0 = Release|Any CPU
		{D2C60DCE-A5CB-4969-9B27-B7BD3D1F0F97}.Release|ARM.ActiveCfg = Release|Any CPU
		{D2C60DCE-A5CB-4969-9B27-B7BD3D1F0F97}.Release|ARM.Build.0 = Release|Any CPU
		{D2C60DCE-A5CB-4969-9B27-B7BD3D1F0F97}.Release|iPhone.ActiveCfg = Release|Any CPU
		{D2C60DCE-A5CB-4969-9B27-B7BD3D1F0F97}.Release|iPhone.Build.0 = Release|Any CPU
		{D2C60DCE-A5CB-4969-9B27-B7BD3D1F0F97}.Release|iPhoneSimulator.ActiveCfg = Release|Any CPU
		{D2C60DCE-A5CB-4969-9B27-B7BD3D1F0F97}.Release|iPhoneSimulator.Build.0 = Release|Any CPU
		{D2C60DCE-A5CB-4969-9B27-B7BD3D1F0F97}.Release|x64.ActiveCfg = Release|Any CPU
		{D2C60DCE-A5CB-4969-9B27-B7BD3D1F0F97}.Release|x64.Build.0 = Release|Any CPU
		{D2C60DCE-A5CB-4969-9B27-B7BD3D1F0F97}.Release|x86.ActiveCfg = Release|Any CPU
		{D2C60DCE-A5CB-4969-9B27-B7BD3D1F0F97}.Release|x86.Build.0 = Release|Any CPU
	EndGlobalSection
	GlobalSection(SolutionProperties) = preSolution
		HideSolutionNode = FALSE
	EndGlobalSection
EndGlobal
